PODS:
  - MultipleLineChartView (1.3.0)

DEPENDENCIES:
  - MultipleLineChartView (from `../`)

EXTERNAL SOURCES:
  MultipleLineChartView:
    :path: "../"

SPEC CHECKSUMS:
  MultipleLineChartView: 3433b19e5f2a38506209b3dce6043fb7990e5381

PODFILE CHECKSUM: a21d5704931e98d5ac9d40a7c9059f360aeefe5d

COCOAPODS: 1.8.4
